// !$*UTF8*$!
{
	archiveVersion = 1;
	classes = {
	};
	objectVersion = 51;
	objects = {

/* Begin PBXBuildFile section */
		154D3275253027E4000239AE /* GoogleService-Info.plist in Resources */ = {isa = PBXBuildFile; fileRef = 154D3274253027E4000239AE /* GoogleService-Info.plist */; };
		156860E825374F8C005C90AB /* NickNameViewController.swift in Sources */ = {isa = PBXBuildFile; fileRef = 156860E725374F8C005C90AB /* NickNameViewController.swift */; };
		156860EB25374FF6005C90AB /* PhoneNumberLoginViewController.swift in Sources */ = {isa = PBXBuildFile; fileRef = 156860EA25374FF6005C90AB /* PhoneNumberLoginViewController.swift */; };
		1572F2C524816D1C004EB34D /* Calculate.swift in Sources */ = {isa = PBXBuildFile; fileRef = 1572F2C424816D1C004EB34D /* Calculate.swift */; };
		157BF740253C87C700C349B4 /* Text3.swift in Sources */ = {isa = PBXBuildFile; fileRef = 157BF73F253C87C700C349B4 /* Text3.swift */; };
		1582F3E225408DAC00305D4D /* DataMakingViewController.swift in Sources */ = {isa = PBXBuildFile; fileRef = 1582F3E125408DAC00305D4D /* DataMakingViewController.swift */; };
		1582F3E52540922F00305D4D /* GameText.swift in Sources */ = {isa = PBXBuildFile; fileRef = 1582F3E42540922F00305D4D /* GameText.swift */; };
		158F26A4247FE0260046356C /* Jamo.swift in Sources */ = {isa = PBXBuildFile; fileRef = 158F26A3247FE0260046356C /* Jamo.swift */; };
		15E9A5852534C326008FFC1A /* AuthViewController.swift in Sources */ = {isa = PBXBuildFile; fileRef = 15E9A5842534C326008FFC1A /* AuthViewController.swift */; };
		7720FDF524E6C6BE007552B2 /* NewViewController.swift in Sources */ = {isa = PBXBuildFile; fileRef = 7720FDF424E6C6BE007552B2 /* NewViewController.swift */; };
		77671E6B24E8CEB3009A1A4A /* Text2.swift in Sources */ = {isa = PBXBuildFile; fileRef = 77671E6A24E8CEB3009A1A4A /* Text2.swift */; };
		778B1CC624E9082800BB68C6 /* CustomIntensityVisualEffectView.swift in Sources */ = {isa = PBXBuildFile; fileRef = 778B1CC524E9082800BB68C6 /* CustomIntensityVisualEffectView.swift */; };
		9308113D252B0844001879C3 /* Rix오늘의만화.ttf in Resources */ = {isa = PBXBuildFile; fileRef = 9308113C252B0844001879C3 /* Rix오늘의만화.ttf */; };
		933A64F2251B2FA8003EA64A /* HGGGOTHICSSI_PRO_00G.otf in Resources */ = {isa = PBXBuildFile; fileRef = 933A64EC251B2FA8003EA64A /* HGGGOTHICSSI_PRO_00G.otf */; };
		933A64F3251B2FA8003EA64A /* HGGGOTHICSSI_PRO_20G.otf in Resources */ = {isa = PBXBuildFile; fileRef = 933A64ED251B2FA8003EA64A /* HGGGOTHICSSI_PRO_20G.otf */; };
		933A64F4251B2FA8003EA64A /* HGGGOTHICSSI_PRO_40G.otf in Resources */ = {isa = PBXBuildFile; fileRef = 933A64EE251B2FA8003EA64A /* HGGGOTHICSSI_PRO_40G.otf */; };
		933A64F5251B2FA8003EA64A /* HGGGOTHICSSI_PRO_80G.otf in Resources */ = {isa = PBXBuildFile; fileRef = 933A64EF251B2FA8003EA64A /* HGGGOTHICSSI_PRO_80G.otf */; };
		933A64F6251B2FA8003EA64A /* HGGGOTHICSSI_PRO_99G.otf in Resources */ = {isa = PBXBuildFile; fileRef = 933A64F0251B2FA8003EA64A /* HGGGOTHICSSI_PRO_99G.otf */; };
		933A64F7251B2FA8003EA64A /* HGGGOTHICSSI_PRO_60G.otf in Resources */ = {isa = PBXBuildFile; fileRef = 933A64F1251B2FA8003EA64A /* HGGGOTHICSSI_PRO_60G.otf */; };
		9354CBF4251B3E420048F3DC /* test.swift in Sources */ = {isa = PBXBuildFile; fileRef = 9354CBF3251B3E420048F3DC /* test.swift */; };
		9378B3C6251C401F00D2FF2D /* StartViewController.swift in Sources */ = {isa = PBXBuildFile; fileRef = 9378B3C5251C401F00D2FF2D /* StartViewController.swift */; };
		93790AE9247D5C090046349E /* user.png in Resources */ = {isa = PBXBuildFile; fileRef = 93790AE7247D5C090046349E /* user.png */; };
		93790AEA247D5C090046349E /* password.png in Resources */ = {isa = PBXBuildFile; fileRef = 93790AE8247D5C090046349E /* password.png */; };
		93790AEC247D64B00046349E /* key.png in Resources */ = {isa = PBXBuildFile; fileRef = 93790AEB247D64B00046349E /* key.png */; };
		9399C4B52476585400F73CDD /* AppDelegate.swift in Sources */ = {isa = PBXBuildFile; fileRef = 9399C4B42476585400F73CDD /* AppDelegate.swift */; };
		9399C4B72476585400F73CDD /* SceneDelegate.swift in Sources */ = {isa = PBXBuildFile; fileRef = 9399C4B62476585400F73CDD /* SceneDelegate.swift */; };
		9399C4B92476585400F73CDD /* LoginViewController.swift in Sources */ = {isa = PBXBuildFile; fileRef = 9399C4B82476585400F73CDD /* LoginViewController.swift */; };
		9399C4BC2476585400F73CDD /* Main.storyboard in Resources */ = {isa = PBXBuildFile; fileRef = 9399C4BA2476585400F73CDD /* Main.storyboard */; };
		9399C4BE2476585500F73CDD /* Assets.xcassets in Resources */ = {isa = PBXBuildFile; fileRef = 9399C4BD2476585500F73CDD /* Assets.xcassets */; };
		9399C4C12476585500F73CDD /* LaunchScreen.storyboard in Resources */ = {isa = PBXBuildFile; fileRef = 9399C4BF2476585500F73CDD /* LaunchScreen.storyboard */; };
		9399C4C92476608900F73CDD /* SelectionViewController.swift in Sources */ = {isa = PBXBuildFile; fileRef = 9399C4C82476608900F73CDD /* SelectionViewController.swift */; };
		9399C4CB247660BC00F73CDD /* MainViewController.swift in Sources */ = {isa = PBXBuildFile; fileRef = 9399C4CA247660BC00F73CDD /* MainViewController.swift */; };
		9399C4CD247660E500F73CDD /* ResultViewController.swift in Sources */ = {isa = PBXBuildFile; fileRef = 9399C4CC247660E500F73CDD /* ResultViewController.swift */; };
		B507B0213BA65C14BF6B7AE6 /* libPods-Project_Tadak.a in Frameworks */ = {isa = PBXBuildFile; fileRef = 418F3E9CCD0A91B1680A9BB5 /* libPods-Project_Tadak.a */; };
/* End PBXBuildFile section */

/* Begin PBXFileReference section */
		00D2ED0CE0BAFFD65AB37233 /* Pods-Project_Tadak.release.xcconfig */ = {isa = PBXFileReference; includeInIndex = 1; lastKnownFileType = text.xcconfig; name = "Pods-Project_Tadak.release.xcconfig"; path = "Target Support Files/Pods-Project_Tadak/Pods-Project_Tadak.release.xcconfig"; sourceTree = "<group>"; };
		154D3274253027E4000239AE /* GoogleService-Info.plist */ = {isa = PBXFileReference; fileEncoding = 4; lastKnownFileType = text.plist.xml; name = "GoogleService-Info.plist"; path = "../../../Downloads/GoogleService-Info.plist"; sourceTree = "<group>"; };
		156860E725374F8C005C90AB /* NickNameViewController.swift */ = {isa = PBXFileReference; lastKnownFileType = sourcecode.swift; path = NickNameViewController.swift; sourceTree = "<group>"; };
		156860EA25374FF6005C90AB /* PhoneNumberLoginViewController.swift */ = {isa = PBXFileReference; lastKnownFileType = sourcecode.swift; path = PhoneNumberLoginViewController.swift; sourceTree = "<group>"; };
		1572F2C424816D1C004EB34D /* Calculate.swift */ = {isa = PBXFileReference; lastKnownFileType = sourcecode.swift; path = Calculate.swift; sourceTree = "<group>"; };
		157BF73F253C87C700C349B4 /* Text3.swift */ = {isa = PBXFileReference; lastKnownFileType = sourcecode.swift; path = Text3.swift; sourceTree = "<group>"; };
		1582F3E125408DAC00305D4D /* DataMakingViewController.swift */ = {isa = PBXFileReference; lastKnownFileType = sourcecode.swift; path = DataMakingViewController.swift; sourceTree = "<group>"; };
		1582F3E42540922F00305D4D /* GameText.swift */ = {isa = PBXFileReference; lastKnownFileType = sourcecode.swift; path = GameText.swift; sourceTree = "<group>"; };
		158F26A3247FE0260046356C /* Jamo.swift */ = {isa = PBXFileReference; lastKnownFileType = sourcecode.swift; path = Jamo.swift; sourceTree = "<group>"; };
		15E9A5842534C326008FFC1A /* AuthViewController.swift */ = {isa = PBXFileReference; lastKnownFileType = sourcecode.swift; path = AuthViewController.swift; sourceTree = "<group>"; };
		418F3E9CCD0A91B1680A9BB5 /* libPods-Project_Tadak.a */ = {isa = PBXFileReference; explicitFileType = archive.ar; includeInIndex = 0; path = "libPods-Project_Tadak.a"; sourceTree = BUILT_PRODUCTS_DIR; };
		7720FDF424E6C6BE007552B2 /* NewViewController.swift */ = {isa = PBXFileReference; lastKnownFileType = sourcecode.swift; path = NewViewController.swift; sourceTree = "<group>"; };
		77671E6A24E8CEB3009A1A4A /* Text2.swift */ = {isa = PBXFileReference; lastKnownFileType = sourcecode.swift; path = Text2.swift; sourceTree = "<group>"; };
		778B1CC524E9082800BB68C6 /* CustomIntensityVisualEffectView.swift */ = {isa = PBXFileReference; lastKnownFileType = sourcecode.swift; path = CustomIntensityVisualEffectView.swift; sourceTree = "<group>"; };
		9308113C252B0844001879C3 /* Rix오늘의만화.ttf */ = {isa = PBXFileReference; lastKnownFileType = file; path = "Rix오늘의만화.ttf"; sourceTree = "<group>"; };
		933A64EC251B2FA8003EA64A /* HGGGOTHICSSI_PRO_00G.otf */ = {isa = PBXFileReference; lastKnownFileType = file; path = HGGGOTHICSSI_PRO_00G.otf; sourceTree = "<group>"; };
		933A64ED251B2FA8003EA64A /* HGGGOTHICSSI_PRO_20G.otf */ = {isa = PBXFileReference; lastKnownFileType = file; path = HGGGOTHICSSI_PRO_20G.otf; sourceTree = "<group>"; };
		933A64EE251B2FA8003EA64A /* HGGGOTHICSSI_PRO_40G.otf */ = {isa = PBXFileReference; lastKnownFileType = file; path = HGGGOTHICSSI_PRO_40G.otf; sourceTree = "<group>"; };
		933A64EF251B2FA8003EA64A /* HGGGOTHICSSI_PRO_80G.otf */ = {isa = PBXFileReference; lastKnownFileType = file; path = HGGGOTHICSSI_PRO_80G.otf; sourceTree = "<group>"; };
		933A64F0251B2FA8003EA64A /* HGGGOTHICSSI_PRO_99G.otf */ = {isa = PBXFileReference; lastKnownFileType = file; path = HGGGOTHICSSI_PRO_99G.otf; sourceTree = "<group>"; };
		933A64F1251B2FA8003EA64A /* HGGGOTHICSSI_PRO_60G.otf */ = {isa = PBXFileReference; lastKnownFileType = file; path = HGGGOTHICSSI_PRO_60G.otf; sourceTree = "<group>"; };
		9354CBF3251B3E420048F3DC /* test.swift */ = {isa = PBXFileReference; lastKnownFileType = sourcecode.swift; path = test.swift; sourceTree = "<group>"; };
		9378B3C5251C401F00D2FF2D /* StartViewController.swift */ = {isa = PBXFileReference; lastKnownFileType = sourcecode.swift; path = StartViewController.swift; sourceTree = "<group>"; };
		93790AE7247D5C090046349E /* user.png */ = {isa = PBXFileReference; lastKnownFileType = image.png; path = user.png; sourceTree = "<group>"; };
		93790AE8247D5C090046349E /* password.png */ = {isa = PBXFileReference; lastKnownFileType = image.png; path = password.png; sourceTree = "<group>"; };
		93790AEB247D64B00046349E /* key.png */ = {isa = PBXFileReference; lastKnownFileType = image.png; path = key.png; sourceTree = "<group>"; };
		9399C4B12476585400F73CDD /* Project_Tadak.app */ = {isa = PBXFileReference; explicitFileType = wrapper.application; includeInIndex = 0; path = Project_Tadak.app; sourceTree = BUILT_PRODUCTS_DIR; };
		9399C4B42476585400F73CDD /* AppDelegate.swift */ = {isa = PBXFileReference; lastKnownFileType = sourcecode.swift; path = AppDelegate.swift; sourceTree = "<group>"; };
		9399C4B62476585400F73CDD /* SceneDelegate.swift */ = {isa = PBXFileReference; lastKnownFileType = sourcecode.swift; path = SceneDelegate.swift; sourceTree = "<group>"; };
		9399C4B82476585400F73CDD /* LoginViewController.swift */ = {isa = PBXFileReference; lastKnownFileType = sourcecode.swift; path = LoginViewController.swift; sourceTree = "<group>"; };
		9399C4BB2476585400F73CDD /* Base */ = {isa = PBXFileReference; lastKnownFileType = file.storyboard; name = Base; path = Base.lproj/Main.storyboard; sourceTree = "<group>"; };
		9399C4BD2476585500F73CDD /* Assets.xcassets */ = {isa = PBXFileReference; lastKnownFileType = folder.assetcatalog; path = Assets.xcassets; sourceTree = "<group>"; };
		9399C4C02476585500F73CDD /* Base */ = {isa = PBXFileReference; lastKnownFileType = file.storyboard; name = Base; path = Base.lproj/LaunchScreen.storyboard; sourceTree = "<group>"; };
		9399C4C22476585500F73CDD /* Info.plist */ = {isa = PBXFileReference; lastKnownFileType = text.plist.xml; path = Info.plist; sourceTree = "<group>"; };
		9399C4C82476608900F73CDD /* SelectionViewController.swift */ = {isa = PBXFileReference; lastKnownFileType = sourcecode.swift; path = SelectionViewController.swift; sourceTree = "<group>"; };
		9399C4CA247660BC00F73CDD /* MainViewController.swift */ = {isa = PBXFileReference; lastKnownFileType = sourcecode.swift; path = MainViewController.swift; sourceTree = "<group>"; };
		9399C4CC247660E500F73CDD /* ResultViewController.swift */ = {isa = PBXFileReference; lastKnownFileType = sourcecode.swift; path = ResultViewController.swift; sourceTree = "<group>"; };
		B2B362BA645F102EC05C5901 /* Pods-Project_Tadak.debug.xcconfig */ = {isa = PBXFileReference; includeInIndex = 1; lastKnownFileType = text.xcconfig; name = "Pods-Project_Tadak.debug.xcconfig"; path = "Target Support Files/Pods-Project_Tadak/Pods-Project_Tadak.debug.xcconfig"; sourceTree = "<group>"; };
/* End PBXFileReference section */

/* Begin PBXFrameworksBuildPhase section */
		9399C4AE2476585400F73CDD /* Frameworks */ = {
			isa = PBXFrameworksBuildPhase;
			buildActionMask = 2147483647;
			files = (
				B507B0213BA65C14BF6B7AE6 /* libPods-Project_Tadak.a in Frameworks */,
			);
			runOnlyForDeploymentPostprocessing = 0;
		};
/* End PBXFrameworksBuildPhase section */

/* Begin PBXGroup section */
		158F26A2247FDF5E0046356C /* Brain */ = {
			isa = PBXGroup;
			children = (
				158F26A3247FE0260046356C /* Jamo.swift */,
				1572F2C424816D1C004EB34D /* Calculate.swift */,
				1582F3E42540922F00305D4D /* GameText.swift */,
				77671E6A24E8CEB3009A1A4A /* Text2.swift */,
				157BF73F253C87C700C349B4 /* Text3.swift */,
			);
			path = Brain;
			sourceTree = "<group>";
		};
		933A64EB251B2F56003EA64A /* fonts */ = {
			isa = PBXGroup;
			children = (
				933A64EC251B2FA8003EA64A /* HGGGOTHICSSI_PRO_00G.otf */,
				933A64ED251B2FA8003EA64A /* HGGGOTHICSSI_PRO_20G.otf */,
				933A64EE251B2FA8003EA64A /* HGGGOTHICSSI_PRO_40G.otf */,
				933A64F1251B2FA8003EA64A /* HGGGOTHICSSI_PRO_60G.otf */,
				933A64EF251B2FA8003EA64A /* HGGGOTHICSSI_PRO_80G.otf */,
				933A64F0251B2FA8003EA64A /* HGGGOTHICSSI_PRO_99G.otf */,
				9308113C252B0844001879C3 /* Rix오늘의만화.ttf */,
			);
			path = fonts;
			sourceTree = "<group>";
		};
		93790AE6247D5BFA0046349E /* img */ = {
			isa = PBXGroup;
			children = (
				93790AEB247D64B00046349E /* key.png */,
				93790AE8247D5C090046349E /* password.png */,
				93790AE7247D5C090046349E /* user.png */,
			);
			path = img;
			sourceTree = "<group>";
		};
		9399C4A82476585400F73CDD = {
			isa = PBXGroup;
			children = (
				9399C4B32476585400F73CDD /* Project_Tadak */,
				9399C4B22476585400F73CDD /* Products */,
				CB9BB0853D0EB4FDBDFFC538 /* Pods */,
				BE525D2D1C80C43D7671EE3B /* Frameworks */,
			);
			sourceTree = "<group>";
		};
		9399C4B22476585400F73CDD /* Products */ = {
			isa = PBXGroup;
			children = (
				9399C4B12476585400F73CDD /* Project_Tadak.app */,
			);
			name = Products;
			sourceTree = "<group>";
		};
		9399C4B32476585400F73CDD /* Project_Tadak */ = {
			isa = PBXGroup;
			children = (
				933A64EB251B2F56003EA64A /* fonts */,
				93790AE6247D5BFA0046349E /* img */,
				9399C4BA2476585400F73CDD /* Main.storyboard */,
				9378B3C5251C401F00D2FF2D /* StartViewController.swift */,
				9354CBF3251B3E420048F3DC /* test.swift */,
				156860EA25374FF6005C90AB /* PhoneNumberLoginViewController.swift */,
				7720FDF424E6C6BE007552B2 /* NewViewController.swift */,
				1582F3E125408DAC00305D4D /* DataMakingViewController.swift */,
				9399C4CC247660E500F73CDD /* ResultViewController.swift */,
				154D3274253027E4000239AE /* GoogleService-Info.plist */,
				156860E725374F8C005C90AB /* NickNameViewController.swift */,
				9399C4CA247660BC00F73CDD /* MainViewController.swift */,
				9399C4B42476585400F73CDD /* AppDelegate.swift */,
				9399C4B62476585400F73CDD /* SceneDelegate.swift */,
				9399C4B82476585400F73CDD /* LoginViewController.swift */,
				15E9A5842534C326008FFC1A /* AuthViewController.swift */,
				9399C4C82476608900F73CDD /* SelectionViewController.swift */,
				158F26A2247FDF5E0046356C /* Brain */,
				9399C4BD2476585500F73CDD /* Assets.xcassets */,
				9399C4BF2476585500F73CDD /* LaunchScreen.storyboard */,
				9399C4C22476585500F73CDD /* Info.plist */,
				778B1CC524E9082800BB68C6 /* CustomIntensityVisualEffectView.swift */,
			);
			path = Project_Tadak;
			sourceTree = "<group>";
		};
		BE525D2D1C80C43D7671EE3B /* Frameworks */ = {
			isa = PBXGroup;
			children = (
				418F3E9CCD0A91B1680A9BB5 /* libPods-Project_Tadak.a */,
			);
			name = Frameworks;
			sourceTree = "<group>";
		};
		CB9BB0853D0EB4FDBDFFC538 /* Pods */ = {
			isa = PBXGroup;
			children = (
				B2B362BA645F102EC05C5901 /* Pods-Project_Tadak.debug.xcconfig */,
				00D2ED0CE0BAFFD65AB37233 /* Pods-Project_Tadak.release.xcconfig */,
			);
			path = Pods;
			sourceTree = "<group>";
		};
/* End PBXGroup section */

/* Begin PBXNativeTarget section */
		9399C4B02476585400F73CDD /* Project_Tadak */ = {
			isa = PBXNativeTarget;
			buildConfigurationList = 9399C4C52476585500F73CDD /* Build configuration list for PBXNativeTarget "Project_Tadak" */;
			buildPhases = (
				F0D62C20EFEF724342164148 /* [CP] Check Pods Manifest.lock */,
				9399C4AD2476585400F73CDD /* Sources */,
				9399C4AE2476585400F73CDD /* Frameworks */,
				9399C4AF2476585400F73CDD /* Resources */,
				9249BF55E0E29E22CD258ECF /* [CP] Copy Pods Resources */,
			);
			buildRules = (
			);
			dependencies = (
			);
			name = Project_Tadak;
			productName = Project_Tadak;
			productReference = 9399C4B12476585400F73CDD /* Project_Tadak.app */;
			productType = "com.apple.product-type.application";
		};
/* End PBXNativeTarget section */

/* Begin PBXProject section */
		9399C4A92476585400F73CDD /* Project object */ = {
			isa = PBXProject;
			attributes = {
				LastSwiftUpdateCheck = 1150;
				LastUpgradeCheck = 1150;
				ORGANIZATIONNAME = Tadak_Team;
				TargetAttributes = {
					9399C4B02476585400F73CDD = {
						CreatedOnToolsVersion = 11.5;
					};
				};
			};
			buildConfigurationList = 9399C4AC2476585400F73CDD /* Build configuration list for PBXProject "Project_Tadak" */;
			compatibilityVersion = "Xcode 9.3";
			developmentRegion = en;
			hasScannedForEncodings = 0;
			knownRegions = (
				en,
				Base,
			);
			mainGroup = 9399C4A82476585400F73CDD;
			productRefGroup = 9399C4B22476585400F73CDD /* Products */;
			projectDirPath = "";
			projectRoot = "";
			targets = (
				9399C4B02476585400F73CDD /* Project_Tadak */,
			);
		};
/* End PBXProject section */

/* Begin PBXResourcesBuildPhase section */
		9399C4AF2476585400F73CDD /* Resources */ = {
			isa = PBXResourcesBuildPhase;
			buildActionMask = 2147483647;
			files = (
				9399C4C12476585500F73CDD /* LaunchScreen.storyboard in Resources */,
				9399C4BE2476585500F73CDD /* Assets.xcassets in Resources */,
				933A64F3251B2FA8003EA64A /* HGGGOTHICSSI_PRO_20G.otf in Resources */,
				93790AEA247D5C090046349E /* password.png in Resources */,
				93790AEC247D64B00046349E /* key.png in Resources */,
				9308113D252B0844001879C3 /* Rix오늘의만화.ttf in Resources */,
				93790AE9247D5C090046349E /* user.png in Resources */,
				933A64F6251B2FA8003EA64A /* HGGGOTHICSSI_PRO_99G.otf in Resources */,
				933A64F4251B2FA8003EA64A /* HGGGOTHICSSI_PRO_40G.otf in Resources */,
				9399C4BC2476585400F73CDD /* Main.storyboard in Resources */,
				933A64F5251B2FA8003EA64A /* HGGGOTHICSSI_PRO_80G.otf in Resources */,
				933A64F7251B2FA8003EA64A /* HGGGOTHICSSI_PRO_60G.otf in Resources */,
				933A64F2251B2FA8003EA64A /* HGGGOTHICSSI_PRO_00G.otf in Resources */,
				154D3275253027E4000239AE /* GoogleService-Info.plist in Resources */,
			);
			runOnlyForDeploymentPostprocessing = 0;
		};
/* End PBXResourcesBuildPhase section */

/* Begin PBXShellScriptBuildPhase section */
		9249BF55E0E29E22CD258ECF /* [CP] Copy Pods Resources */ = {
			isa = PBXShellScriptBuildPhase;
			buildActionMask = 2147483647;
			files = (
			);
			inputFileListPaths = (
				"${PODS_ROOT}/Target Support Files/Pods-Project_Tadak/Pods-Project_Tadak-resources-${CONFIGURATION}-input-files.xcfilelist",
			);
			name = "[CP] Copy Pods Resources";
			outputFileListPaths = (
				"${PODS_ROOT}/Target Support Files/Pods-Project_Tadak/Pods-Project_Tadak-resources-${CONFIGURATION}-output-files.xcfilelist",
			);
			runOnlyForDeploymentPostprocessing = 0;
			shellPath = /bin/sh;
			shellScript = "\"${PODS_ROOT}/Target Support Files/Pods-Project_Tadak/Pods-Project_Tadak-resources.sh\"\n";
			showEnvVarsInLog = 0;
		};
		F0D62C20EFEF724342164148 /* [CP] Check Pods Manifest.lock */ = {
			isa = PBXShellScriptBuildPhase;
			buildActionMask = 2147483647;
			files = (
			);
			inputFileListPaths = (
			);
			inputPaths = (
				"${PODS_PODFILE_DIR_PATH}/Podfile.lock",
				"${PODS_ROOT}/Manifest.lock",
			);
			name = "[CP] Check Pods Manifest.lock";
			outputFileListPaths = (
			);
			outputPaths = (
				"$(DERIVED_FILE_DIR)/Pods-Project_Tadak-checkManifestLockResult.txt",
			);
			runOnlyForDeploymentPostprocessing = 0;
			shellPath = /bin/sh;
			shellScript = "diff \"${PODS_PODFILE_DIR_PATH}/Podfile.lock\" \"${PODS_ROOT}/Manifest.lock\" > /dev/null\nif [ $? != 0 ] ; then\n    # print error to STDERR\n    echo \"error: The sandbox is not in sync with the Podfile.lock. Run 'pod install' or update your CocoaPods installation.\" >&2\n    exit 1\nfi\n# This output is used by Xcode 'outputs' to avoid re-running this script phase.\necho \"SUCCESS\" > \"${SCRIPT_OUTPUT_FILE_0}\"\n";
			showEnvVarsInLog = 0;
		};
/* End PBXShellScriptBuildPhase section */

/* Begin PBXSourcesBuildPhase section */
		9399C4AD2476585400F73CDD /* Sources */ = {
			isa = PBXSourcesBuildPhase;
			buildActionMask = 2147483647;
			files = (
				1582F3E225408DAC00305D4D /* DataMakingViewController.swift in Sources */,
				9399C4B92476585400F73CDD /* LoginViewController.swift in Sources */,
				9378B3C6251C401F00D2FF2D /* StartViewController.swift in Sources */,
				157BF740253C87C700C349B4 /* Text3.swift in Sources */,
				9399C4C92476608900F73CDD /* SelectionViewController.swift in Sources */,
				778B1CC624E9082800BB68C6 /* CustomIntensityVisualEffectView.swift in Sources */,
				156860EB25374FF6005C90AB /* PhoneNumberLoginViewController.swift in Sources */,
				9354CBF4251B3E420048F3DC /* test.swift in Sources */,
				77671E6B24E8CEB3009A1A4A /* Text2.swift in Sources */,
				15E9A5852534C326008FFC1A /* AuthViewController.swift in Sources */,
				1572F2C524816D1C004EB34D /* Calculate.swift in Sources */,
				1582F3E52540922F00305D4D /* GameText.swift in Sources */,
				9399C4B52476585400F73CDD /* AppDelegate.swift in Sources */,
				9399C4B72476585400F73CDD /* SceneDelegate.swift in Sources */,
				9399C4CB247660BC00F73CDD /* MainViewController.swift in Sources */,
				156860E825374F8C005C90AB /* NickNameViewController.swift in Sources */,
				7720FDF524E6C6BE007552B2 /* NewViewController.swift in Sources */,
				158F26A4247FE0260046356C /* Jamo.swift in Sources */,
				9399C4CD247660E500F73CDD /* ResultViewController.swift in Sources */,
			);
			runOnlyForDeploymentPostprocessing = 0;
		};
/* End PBXSourcesBuildPhase section */

/* Begin PBXVariantGroup section */
		9399C4BA2476585400F73CDD /* Main.storyboard */ = {
			isa = PBXVariantGroup;
			children = (
				9399C4BB2476585400F73CDD /* Base */,
			);
			name = Main.storyboard;
			sourceTree = "<group>";
		};
		9399C4BF2476585500F73CDD /* LaunchScreen.storyboard */ = {
			isa = PBXVariantGroup;
			children = (
				9399C4C02476585500F73CDD /* Base */,
			);
			name = LaunchScreen.storyboard;
			sourceTree = "<group>";
		};
/* End PBXVariantGroup section */

/* Begin XCBuildConfiguration section */
		9399C4C32476585500F73CDD /* Debug */ = {
			isa = XCBuildConfiguration;
			buildSettings = {
				ALWAYS_SEARCH_USER_PATHS = NO;
				CLANG_ANALYZER_NONNULL = YES;
				CLANG_ANALYZER_NUMBER_OBJECT_CONVERSION = YES_AGGRESSIVE;
				CLANG_CXX_LANGUAGE_STANDARD = "gnu++14";
				CLANG_CXX_LIBRARY = "libc++";
				CLANG_ENABLE_MODULES = YES;
				CLANG_ENABLE_OBJC_ARC = YES;
				CLANG_ENABLE_OBJC_WEAK = YES;
				CLANG_WARN_BLOCK_CAPTURE_AUTORELEASING = YES;
				CLANG_WARN_BOOL_CONVERSION = YES;
				CLANG_WARN_COMMA = YES;
				CLANG_WARN_CONSTANT_CONVERSION = YES;
				CLANG_WARN_DEPRECATED_OBJC_IMPLEMENTATIONS = YES;
				CLANG_WARN_DIRECT_OBJC_ISA_USAGE = YES_ERROR;
				CLANG_WARN_DOCUMENTATION_COMMENTS = YES;
				CLANG_WARN_EMPTY_BODY = YES;
				CLANG_WARN_ENUM_CONVERSION = YES;
				CLANG_WARN_INFINITE_RECURSION = YES;
				CLANG_WARN_INT_CONVERSION = YES;
				CLANG_WARN_NON_LITERAL_NULL_CONVERSION = YES;
				CLANG_WARN_OBJC_IMPLICIT_RETAIN_SELF = YES;
				CLANG_WARN_OBJC_LITERAL_CONVERSION = YES;
				CLANG_WARN_OBJC_ROOT_CLASS = YES_ERROR;
				CLANG_WARN_RANGE_LOOP_ANALYSIS = YES;
				CLANG_WARN_STRICT_PROTOTYPES = YES;
				CLANG_WARN_SUSPICIOUS_MOVE = YES;
				CLANG_WARN_UNGUARDED_AVAILABILITY = YES_AGGRESSIVE;
				CLANG_WARN_UNREACHABLE_CODE = YES;
				CLANG_WARN__DUPLICATE_METHOD_MATCH = YES;
				COPY_PHASE_STRIP = NO;
				DEBUG_INFORMATION_FORMAT = dwarf;
				ENABLE_STRICT_OBJC_MSGSEND = YES;
				ENABLE_TESTABILITY = YES;
				GCC_C_LANGUAGE_STANDARD = gnu11;
				GCC_DYNAMIC_NO_PIC = NO;
				GCC_NO_COMMON_BLOCKS = YES;
				GCC_OPTIMIZATION_LEVEL = 0;
				GCC_PREPROCESSOR_DEFINITIONS = (
					"DEBUG=1",
					"$(inherited)",
				);
				GCC_WARN_64_TO_32_BIT_CONVERSION = YES;
				GCC_WARN_ABOUT_RETURN_TYPE = YES_ERROR;
				GCC_WARN_UNDECLARED_SELECTOR = YES;
				GCC_WARN_UNINITIALIZED_AUTOS = YES_AGGRESSIVE;
				GCC_WARN_UNUSED_FUNCTION = YES;
				GCC_WARN_UNUSED_VARIABLE = YES;
				IPHONEOS_DEPLOYMENT_TARGET = 13.5;
				MTL_ENABLE_DEBUG_INFO = INCLUDE_SOURCE;
				MTL_FAST_MATH = YES;
				ONLY_ACTIVE_ARCH = YES;
				SDKROOT = iphoneos;
				SWIFT_ACTIVE_COMPILATION_CONDITIONS = DEBUG;
				SWIFT_OPTIMIZATION_LEVEL = "-Onone";
			};
			name = Debug;
		};
		9399C4C42476585500F73CDD /* Release */ = {
			isa = XCBuildConfiguration;
			buildSettings = {
				ALWAYS_SEARCH_USER_PATHS = NO;
				CLANG_ANALYZER_NONNULL = YES;
				CLANG_ANALYZER_NUMBER_OBJECT_CONVERSION = YES_AGGRESSIVE;
				CLANG_CXX_LANGUAGE_STANDARD = "gnu++14";
				CLANG_CXX_LIBRARY = "libc++";
				CLANG_ENABLE_MODULES = YES;
				CLANG_ENABLE_OBJC_ARC = YES;
				CLANG_ENABLE_OBJC_WEAK = YES;
				CLANG_WARN_BLOCK_CAPTURE_AUTORELEASING = YES;
				CLANG_WARN_BOOL_CONVERSION = YES;
				CLANG_WARN_COMMA = YES;
				CLANG_WARN_CONSTANT_CONVERSION = YES;
				CLANG_WARN_DEPRECATED_OBJC_IMPLEMENTATIONS = YES;
				CLANG_WARN_DIRECT_OBJC_ISA_USAGE = YES_ERROR;
				CLANG_WARN_DOCUMENTATION_COMMENTS = YES;
				CLANG_WARN_EMPTY_BODY = YES;
				CLANG_WARN_ENUM_CONVERSION = YES;
				CLANG_WARN_INFINITE_RECURSION = YES;
				CLANG_WARN_INT_CONVERSION = YES;
				CLANG_WARN_NON_LITERAL_NULL_CONVERSION = YES;
				CLANG_WARN_OBJC_IMPLICIT_RETAIN_SELF = YES;
				CLANG_WARN_OBJC_LITERAL_CONVERSION = YES;
				CLANG_WARN_OBJC_ROOT_CLASS = YES_ERROR;
				CLANG_WARN_RANGE_LOOP_ANALYSIS = YES;
				CLANG_WARN_STRICT_PROTOTYPES = YES;
				CLANG_WARN_SUSPICIOUS_MOVE = YES;
				CLANG_WARN_UNGUARDED_AVAILABILITY = YES_AGGRESSIVE;
				CLANG_WARN_UNREACHABLE_CODE = YES;
				CLANG_WARN__DUPLICATE_METHOD_MATCH = YES;
				COPY_PHASE_STRIP = NO;
				DEBUG_INFORMATION_FORMAT = "dwarf-with-dsym";
				ENABLE_NS_ASSERTIONS = NO;
				ENABLE_STRICT_OBJC_MSGSEND = YES;
				GCC_C_LANGUAGE_STANDARD = gnu11;
				GCC_NO_COMMON_BLOCKS = YES;
				GCC_WARN_64_TO_32_BIT_CONVERSION = YES;
				GCC_WARN_ABOUT_RETURN_TYPE = YES_ERROR;
				GCC_WARN_UNDECLARED_SELECTOR = YES;
				GCC_WARN_UNINITIALIZED_AUTOS = YES_AGGRESSIVE;
				GCC_WARN_UNUSED_FUNCTION = YES;
				GCC_WARN_UNUSED_VARIABLE = YES;
				IPHONEOS_DEPLOYMENT_TARGET = 13.5;
				MTL_ENABLE_DEBUG_INFO = NO;
				MTL_FAST_MATH = YES;
				SDKROOT = iphoneos;
				SWIFT_COMPILATION_MODE = wholemodule;
				SWIFT_OPTIMIZATION_LEVEL = "-O";
				VALIDATE_PRODUCT = YES;
			};
			name = Release;
		};
		9399C4C62476585500F73CDD /* Debug */ = {
			isa = XCBuildConfiguration;
			baseConfigurationReference = B2B362BA645F102EC05C5901 /* Pods-Project_Tadak.debug.xcconfig */;
			buildSettings = {
				ASSETCATALOG_COMPILER_APPICON_NAME = AppIcon;
				CODE_SIGN_STYLE = Automatic;
				DEVELOPMENT_TEAM = 2C96RNDN63;
				INFOPLIST_FILE = Project_Tadak/Info.plist;
				IPHONEOS_DEPLOYMENT_TARGET = 13.0;
				LD_RUNPATH_SEARCH_PATHS = (
					"$(inherited)",
					"@executable_path/Frameworks",
				);
				PRODUCT_BUNDLE_IDENTIFIER = "com.Tadak-Team.Project-Tadak";
				PRODUCT_NAME = "$(TARGET_NAME)";
				SWIFT_VERSION = 5.0;
				TARGETED_DEVICE_FAMILY = 1;
			};
			name = Debug;
		};
		9399C4C72476585500F73CDD /* Release */ = {
			isa = XCBuildConfiguration;
			baseConfigurationReference = 00D2ED0CE0BAFFD65AB37233 /* Pods-Project_Tadak.release.xcconfig */;
			buildSettings = {
				ASSETCATALOG_COMPILER_APPICON_NAME = AppIcon;
				CODE_SIGN_STYLE = Automatic;
				DEVELOPMENT_TEAM = 2C96RNDN63;
				INFOPLIST_FILE = Project_Tadak/Info.plist;
				IPHONEOS_DEPLOYMENT_TARGET = 13.0;
				LD_RUNPATH_SEARCH_PATHS = (
					"$(inherited)",
					"@executable_path/Frameworks",
				);
				PRODUCT_BUNDLE_IDENTIFIER = "com.Tadak-Team.Project-Tadak";
				PRODUCT_NAME = "$(TARGET_NAME)";
				SWIFT_VERSION = 5.0;
				TARGETED_DEVICE_FAMILY = 1;
			};
			name = Release;
		};
/* End XCBuildConfiguration section */

/* Begin XCConfigurationList section */
		9399C4AC2476585400F73CDD /* Build configuration list for PBXProject "Project_Tadak" */ = {
			isa = XCConfigurationList;
			buildConfigurations = (
				9399C4C32476585500F73CDD /* Debug */,
				9399C4C42476585500F73CDD /* Release */,
			);
			defaultConfigurationIsVisible = 0;
			defaultConfigurationName = Release;
		};
		9399C4C52476585500F73CDD /* Build configuration list for PBXNativeTarget "Project_Tadak" */ = {
			isa = XCConfigurationList;
			buildConfigurations = (
				9399C4C62476585500F73CDD /* Debug */,
				9399C4C72476585500F73CDD /* Release */,
			);
			defaultConfigurationIsVisible = 0;
			defaultConfigurationName = Release;
		};
/* End XCConfigurationList section */
	};
	rootObject = 9399C4A92476585400F73CDD /* Project object */;
}
